// !$*UTF8*$!
{
	archiveVersion = 1;
	classes = {
	};
	objectVersion = 56;
	objects = {

/* Begin PBXBuildFile section */
		18069A572A80D196006154F8 /* PGFinderSearches.swift in Sources */ = {isa = PBXBuildFile; fileRef = 18069A562A80D196006154F8 /* PGFinderSearches.swift */; };
		18069A592A80EC71006154F8 /* SelectLocationViewController.swift in Sources */ = {isa = PBXBuildFile; fileRef = 18069A582A80EC71006154F8 /* SelectLocationViewController.swift */; };
		18069A5B2A80EC8F006154F8 /* SelectPriceViewController.swift in Sources */ = {isa = PBXBuildFile; fileRef = 18069A5A2A80EC8F006154F8 /* SelectPriceViewController.swift */; };
		18069A5D2A80ECDD006154F8 /* SelectPlaceViewController.swift in Sources */ = {isa = PBXBuildFile; fileRef = 18069A5C2A80ECDD006154F8 /* SelectPlaceViewController.swift */; };
		18069A612A80FC74006154F8 /* PGOwnerViewController.swift in Sources */ = {isa = PBXBuildFile; fileRef = 18069A602A80FC74006154F8 /* PGOwnerViewController.swift */; };
		182FD75C2BDA27190077023F /* SelectLocationViewController.storyboard in Resources */ = {isa = PBXBuildFile; fileRef = 182FD75B2BDA27190077023F /* SelectLocationViewController.storyboard */; };
		182FD75E2BDA2BB40077023F /* SelectPriceViewController.storyboard in Resources */ = {isa = PBXBuildFile; fileRef = 182FD75D2BDA2BB40077023F /* SelectPriceViewController.storyboard */; };
		1892EFDF2A8A6F5A0005102D /* PGDetails.swift in Sources */ = {isa = PBXBuildFile; fileRef = 1892EFDE2A8A6F5A0005102D /* PGDetails.swift */; };
		18AB971B2BDFCFBC0026EB88 /* InfoViewControllerCustomCells.swift in Sources */ = {isa = PBXBuildFile; fileRef = 18AB971A2BDFCFBC0026EB88 /* InfoViewControllerCustomCells.swift */; };
		18AB971D2BDFD0140026EB88 /* PGInfoTableViewCOntroller.swift in Sources */ = {isa = PBXBuildFile; fileRef = 18AB971C2BDFD0140026EB88 /* PGInfoTableViewCOntroller.swift */; };
		18AB971F2BDFD0310026EB88 /* PGInfoCollectionViewController.swift in Sources */ = {isa = PBXBuildFile; fileRef = 18AB971E2BDFD0310026EB88 /* PGInfoCollectionViewController.swift */; };
		18AB97282BE02A260026EB88 /* HomeScreenSearchViewController.swift in Sources */ = {isa = PBXBuildFile; fileRef = 18AB97272BE02A260026EB88 /* HomeScreenSearchViewController.swift */; };
		18AB972C2BE02AD40026EB88 /* HomeScreenCollectionViewExtension.swift in Sources */ = {isa = PBXBuildFile; fileRef = 18AB972B2BE02AD40026EB88 /* HomeScreenCollectionViewExtension.swift */; };
		18AB972E2BE02B0E0026EB88 /* HomeScreenTableViewExtension.swift in Sources */ = {isa = PBXBuildFile; fileRef = 18AB972D2BE02B0E0026EB88 /* HomeScreenTableViewExtension.swift */; };
		18AB97312BE02BB70026EB88 /* ExtensionSearchTable&CollectionCell.swift in Sources */ = {isa = PBXBuildFile; fileRef = 18AB97302BE02BB70026EB88 /* ExtensionSearchTable&CollectionCell.swift */; };
		18B5AEED2ABEFAF0001B6D28 /* LocationManager.swift in Sources */ = {isa = PBXBuildFile; fileRef = 18B5AEEC2ABEFAF0001B6D28 /* LocationManager.swift */; };
		18B5AEEF2AC00FC5001B6D28 /* GIFLoader.swift in Sources */ = {isa = PBXBuildFile; fileRef = 18B5AEEE2AC00FC5001B6D28 /* GIFLoader.swift */; };
		18B5AEF32AC016C1001B6D28 /* PaymentTransferViewController.swift in Sources */ = {isa = PBXBuildFile; fileRef = 18B5AEF22AC016C1001B6D28 /* PaymentTransferViewController.swift */; };
		18B5AEF52AC018C6001B6D28 /* paymentOptions.gif in Resources */ = {isa = PBXBuildFile; fileRef = 18B5AEF42AC018C6001B6D28 /* paymentOptions.gif */; };
		18C1A4B92BDB92A400C64720 /* CustomCellsTableViewCell.swift in Sources */ = {isa = PBXBuildFile; fileRef = 18C1A4B82BDB92A400C64720 /* CustomCellsTableViewCell.swift */; };
		18C1A4BB2BDB92EE00C64720 /* CustomHomeScreenCollectionViewCell.swift in Sources */ = {isa = PBXBuildFile; fileRef = 18C1A4BA2BDB92EE00C64720 /* CustomHomeScreenCollectionViewCell.swift */; };
		18D13B1D2A88EFCE002A9865 /* PGListViewCell.swift in Sources */ = {isa = PBXBuildFile; fileRef = 18D13B1B2A88EFCE002A9865 /* PGListViewCell.swift */; };
		18D13B1E2A88EFCE002A9865 /* PGListViewCell.xib in Resources */ = {isa = PBXBuildFile; fileRef = 18D13B1C2A88EFCE002A9865 /* PGListViewCell.xib */; };
		18D13B202A895CC3002A9865 /* SearchHistoryViewController.swift in Sources */ = {isa = PBXBuildFile; fileRef = 18D13B1F2A895CC3002A9865 /* SearchHistoryViewController.swift */; };
		18D13B222A896089002A9865 /* SavedPGViewController.swift in Sources */ = {isa = PBXBuildFile; fileRef = 18D13B212A896089002A9865 /* SavedPGViewController.swift */; };
		18D13B242A8A0C60002A9865 /* loginForSaveSearchVC.swift in Sources */ = {isa = PBXBuildFile; fileRef = 18D13B232A8A0C60002A9865 /* loginForSaveSearchVC.swift */; };
		18D13B262A8A2D07002A9865 /* MyAccountViewController.swift in Sources */ = {isa = PBXBuildFile; fileRef = 18D13B252A8A2D07002A9865 /* MyAccountViewController.swift */; };
		18EF9BA82A755451008DD8CC /* AppDelegate.swift in Sources */ = {isa = PBXBuildFile; fileRef = 18EF9BA72A755451008DD8CC /* AppDelegate.swift */; };
		18EF9BAA2A755451008DD8CC /* SceneDelegate.swift in Sources */ = {isa = PBXBuildFile; fileRef = 18EF9BA92A755451008DD8CC /* SceneDelegate.swift */; };
		18EF9BAC2A755451008DD8CC /* PGFinderViewController.swift in Sources */ = {isa = PBXBuildFile; fileRef = 18EF9BAB2A755451008DD8CC /* PGFinderViewController.swift */; };
		18EF9BAF2A755451008DD8CC /* Main.storyboard in Resources */ = {isa = PBXBuildFile; fileRef = 18EF9BAD2A755451008DD8CC /* Main.storyboard */; };
		18EF9BB12A755453008DD8CC /* Assets.xcassets in Resources */ = {isa = PBXBuildFile; fileRef = 18EF9BB02A755453008DD8CC /* Assets.xcassets */; };
		18EF9BB42A755453008DD8CC /* LaunchScreen.storyboard in Resources */ = {isa = PBXBuildFile; fileRef = 18EF9BB22A755453008DD8CC /* LaunchScreen.storyboard */; };
		18EF9BBF2A76F719008DD8CC /* PGFinderHomeViewController.swift in Sources */ = {isa = PBXBuildFile; fileRef = 18EF9BBE2A76F719008DD8CC /* PGFinderHomeViewController.swift */; };
		18F71A742AA4A78000ED154A /* PGInfoViewController.swift in Sources */ = {isa = PBXBuildFile; fileRef = 18F71A732AA4A78000ED154A /* PGInfoViewController.swift */; };
		492F97F7FE4C923943FA724D /* Pods_PGFinder.framework in Frameworks */ = {isa = PBXBuildFile; fileRef = 159DD475DDBE8762A77644FB /* Pods_PGFinder.framework */; };
/* End PBXBuildFile section */

/* Begin PBXFileReference section */
		159DD475DDBE8762A77644FB /* Pods_PGFinder.framework */ = {isa = PBXFileReference; explicitFileType = wrapper.framework; includeInIndex = 0; path = Pods_PGFinder.framework; sourceTree = BUILT_PRODUCTS_DIR; };
		18069A562A80D196006154F8 /* PGFinderSearches.swift */ = {isa = PBXFileReference; lastKnownFileType = sourcecode.swift; path = PGFinderSearches.swift; sourceTree = "<group>"; };
		18069A582A80EC71006154F8 /* SelectLocationViewController.swift */ = {isa = PBXFileReference; lastKnownFileType = sourcecode.swift; path = SelectLocationViewController.swift; sourceTree = "<group>"; };
		18069A5A2A80EC8F006154F8 /* SelectPriceViewController.swift */ = {isa = PBXFileReference; lastKnownFileType = sourcecode.swift; path = SelectPriceViewController.swift; sourceTree = "<group>"; };
		18069A5C2A80ECDD006154F8 /* SelectPlaceViewController.swift */ = {isa = PBXFileReference; lastKnownFileType = sourcecode.swift; path = SelectPlaceViewController.swift; sourceTree = "<group>"; };
		18069A602A80FC74006154F8 /* PGOwnerViewController.swift */ = {isa = PBXFileReference; lastKnownFileType = sourcecode.swift; path = PGOwnerViewController.swift; sourceTree = "<group>"; };
		182FD75B2BDA27190077023F /* SelectLocationViewController.storyboard */ = {isa = PBXFileReference; lastKnownFileType = file.storyboard; name = SelectLocationViewController.storyboard; path = ../../View/SelectLocationViewController.storyboard; sourceTree = "<group>"; };
		182FD75D2BDA2BB40077023F /* SelectPriceViewController.storyboard */ = {isa = PBXFileReference; lastKnownFileType = file.storyboard; path = SelectPriceViewController.storyboard; sourceTree = "<group>"; };
		1892EFDE2A8A6F5A0005102D /* PGDetails.swift */ = {isa = PBXFileReference; lastKnownFileType = sourcecode.swift; path = PGDetails.swift; sourceTree = "<group>"; };
		18AB971A2BDFCFBC0026EB88 /* InfoViewControllerCustomCells.swift */ = {isa = PBXFileReference; lastKnownFileType = sourcecode.swift; path = InfoViewControllerCustomCells.swift; sourceTree = "<group>"; };
		18AB971C2BDFD0140026EB88 /* PGInfoTableViewCOntroller.swift */ = {isa = PBXFileReference; lastKnownFileType = sourcecode.swift; path = PGInfoTableViewCOntroller.swift; sourceTree = "<group>"; };
		18AB971E2BDFD0310026EB88 /* PGInfoCollectionViewController.swift */ = {isa = PBXFileReference; lastKnownFileType = sourcecode.swift; path = PGInfoCollectionViewController.swift; sourceTree = "<group>"; };
		18AB97272BE02A260026EB88 /* HomeScreenSearchViewController.swift */ = {isa = PBXFileReference; lastKnownFileType = sourcecode.swift; path = HomeScreenSearchViewController.swift; sourceTree = "<group>"; };
		18AB972B2BE02AD40026EB88 /* HomeScreenCollectionViewExtension.swift */ = {isa = PBXFileReference; lastKnownFileType = sourcecode.swift; path = HomeScreenCollectionViewExtension.swift; sourceTree = "<group>"; };
		18AB972D2BE02B0E0026EB88 /* HomeScreenTableViewExtension.swift */ = {isa = PBXFileReference; lastKnownFileType = sourcecode.swift; path = HomeScreenTableViewExtension.swift; sourceTree = "<group>"; };
		18AB97302BE02BB70026EB88 /* ExtensionSearchTable&CollectionCell.swift */ = {isa = PBXFileReference; lastKnownFileType = sourcecode.swift; path = "ExtensionSearchTable&CollectionCell.swift"; sourceTree = "<group>"; };
		18B5AEEC2ABEFAF0001B6D28 /* LocationManager.swift */ = {isa = PBXFileReference; lastKnownFileType = sourcecode.swift; path = LocationManager.swift; sourceTree = "<group>"; };
		18B5AEEE2AC00FC5001B6D28 /* GIFLoader.swift */ = {isa = PBXFileReference; lastKnownFileType = sourcecode.swift; path = GIFLoader.swift; sourceTree = "<group>"; };
		18B5AEF22AC016C1001B6D28 /* PaymentTransferViewController.swift */ = {isa = PBXFileReference; lastKnownFileType = sourcecode.swift; path = PaymentTransferViewController.swift; sourceTree = "<group>"; };
		18B5AEF42AC018C6001B6D28 /* paymentOptions.gif */ = {isa = PBXFileReference; lastKnownFileType = image.gif; path = paymentOptions.gif; sourceTree = "<group>"; };
		18C1A4B82BDB92A400C64720 /* CustomCellsTableViewCell.swift */ = {isa = PBXFileReference; lastKnownFileType = sourcecode.swift; path = CustomCellsTableViewCell.swift; sourceTree = "<group>"; };
		18C1A4BA2BDB92EE00C64720 /* CustomHomeScreenCollectionViewCell.swift */ = {isa = PBXFileReference; lastKnownFileType = sourcecode.swift; path = CustomHomeScreenCollectionViewCell.swift; sourceTree = "<group>"; };
		18D13B1B2A88EFCE002A9865 /* PGListViewCell.swift */ = {isa = PBXFileReference; lastKnownFileType = sourcecode.swift; path = PGListViewCell.swift; sourceTree = "<group>"; };
		18D13B1C2A88EFCE002A9865 /* PGListViewCell.xib */ = {isa = PBXFileReference; lastKnownFileType = file.xib; path = PGListViewCell.xib; sourceTree = "<group>"; };
		18D13B1F2A895CC3002A9865 /* SearchHistoryViewController.swift */ = {isa = PBXFileReference; lastKnownFileType = sourcecode.swift; path = SearchHistoryViewController.swift; sourceTree = "<group>"; };
		18D13B212A896089002A9865 /* SavedPGViewController.swift */ = {isa = PBXFileReference; lastKnownFileType = sourcecode.swift; path = SavedPGViewController.swift; sourceTree = "<group>"; };
		18D13B232A8A0C60002A9865 /* loginForSaveSearchVC.swift */ = {isa = PBXFileReference; lastKnownFileType = sourcecode.swift; path = loginForSaveSearchVC.swift; sourceTree = "<group>"; };
		18D13B252A8A2D07002A9865 /* MyAccountViewController.swift */ = {isa = PBXFileReference; lastKnownFileType = sourcecode.swift; path = MyAccountViewController.swift; sourceTree = "<group>"; };
		18EF9BA42A755451008DD8CC /* PGFinder.app */ = {isa = PBXFileReference; explicitFileType = wrapper.application; includeInIndex = 0; path = PGFinder.app; sourceTree = BUILT_PRODUCTS_DIR; };
		18EF9BA72A755451008DD8CC /* AppDelegate.swift */ = {isa = PBXFileReference; lastKnownFileType = sourcecode.swift; path = AppDelegate.swift; sourceTree = "<group>"; };
		18EF9BA92A755451008DD8CC /* SceneDelegate.swift */ = {isa = PBXFileReference; lastKnownFileType = sourcecode.swift; path = SceneDelegate.swift; sourceTree = "<group>"; };
		18EF9BAB2A755451008DD8CC /* PGFinderViewController.swift */ = {isa = PBXFileReference; lastKnownFileType = sourcecode.swift; path = PGFinderViewController.swift; sourceTree = "<group>"; };
		18EF9BAE2A755451008DD8CC /* Base */ = {isa = PBXFileReference; lastKnownFileType = file.storyboard; name = Base; path = Base.lproj/Main.storyboard; sourceTree = "<group>"; };
		18EF9BB02A755453008DD8CC /* Assets.xcassets */ = {isa = PBXFileReference; lastKnownFileType = folder.assetcatalog; path = Assets.xcassets; sourceTree = "<group>"; };
		18EF9BB32A755453008DD8CC /* Base */ = {isa = PBXFileReference; lastKnownFileType = file.storyboard; name = Base; path = Base.lproj/LaunchScreen.storyboard; sourceTree = "<group>"; };
		18EF9BB52A755453008DD8CC /* Info.plist */ = {isa = PBXFileReference; lastKnownFileType = text.plist.xml; path = Info.plist; sourceTree = "<group>"; };
		18EF9BBE2A76F719008DD8CC /* PGFinderHomeViewController.swift */ = {isa = PBXFileReference; lastKnownFileType = sourcecode.swift; path = PGFinderHomeViewController.swift; sourceTree = "<group>"; };
		18F71A732AA4A78000ED154A /* PGInfoViewController.swift */ = {isa = PBXFileReference; lastKnownFileType = sourcecode.swift; path = PGInfoViewController.swift; sourceTree = "<group>"; };
		24217E54DC265A05C8CD26FA /* Pods-PGFinder.debug.xcconfig */ = {isa = PBXFileReference; includeInIndex = 1; lastKnownFileType = text.xcconfig; name = "Pods-PGFinder.debug.xcconfig"; path = "Target Support Files/Pods-PGFinder/Pods-PGFinder.debug.xcconfig"; sourceTree = "<group>"; };
		EC7B758AB7FD3695B3467049 /* Pods-PGFinder.release.xcconfig */ = {isa = PBXFileReference; includeInIndex = 1; lastKnownFileType = text.xcconfig; name = "Pods-PGFinder.release.xcconfig"; path = "Target Support Files/Pods-PGFinder/Pods-PGFinder.release.xcconfig"; sourceTree = "<group>"; };
/* End PBXFileReference section */

/* Begin PBXFrameworksBuildPhase section */
		18EF9BA12A755451008DD8CC /* Frameworks */ = {
			isa = PBXFrameworksBuildPhase;
			buildActionMask = 2147483647;
			files = (
				492F97F7FE4C923943FA724D /* Pods_PGFinder.framework in Frameworks */,
			);
			runOnlyForDeploymentPostprocessing = 0;
		};
/* End PBXFrameworksBuildPhase section */

/* Begin PBXGroup section */
		183BA9A32BDA334E0084B0F2 /* SelectPrice */ = {
			isa = PBXGroup;
			children = (
				18069A5A2A80EC8F006154F8 /* SelectPriceViewController.swift */,
				182FD75D2BDA2BB40077023F /* SelectPriceViewController.storyboard */,
			);
			path = SelectPrice;
			sourceTree = "<group>";
		};
		183BA9A42BDA336D0084B0F2 /* ListedDateInfoCell */ = {
			isa = PBXGroup;
			children = (
				18D13B1B2A88EFCE002A9865 /* PGListViewCell.swift */,
				18D13B1C2A88EFCE002A9865 /* PGListViewCell.xib */,
			);
			path = ListedDateInfoCell;
			sourceTree = "<group>";
		};
		18AB97192BDFCF8E0026EB88 /* Info View Controller */ = {
			isa = PBXGroup;
			children = (
				18AB971A2BDFCFBC0026EB88 /* InfoViewControllerCustomCells.swift */,
				18F71A732AA4A78000ED154A /* PGInfoViewController.swift */,
				18AB971C2BDFD0140026EB88 /* PGInfoTableViewCOntroller.swift */,
				18AB971E2BDFD0310026EB88 /* PGInfoCollectionViewController.swift */,
			);
			path = "Info View Controller";
			sourceTree = "<group>";
		};
		18AB97202BDFD10A0026EB88 /* Payment */ = {
			isa = PBXGroup;
			children = (
				18B5AEEE2AC00FC5001B6D28 /* GIFLoader.swift */,
				18B5AEF22AC016C1001B6D28 /* PaymentTransferViewController.swift */,
			);
			path = Payment;
			sourceTree = "<group>";
		};
		18AB97212BDFD13E0026EB88 /* Saved and Search History */ = {
			isa = PBXGroup;
			children = (
				18D13B1F2A895CC3002A9865 /* SearchHistoryViewController.swift */,
				18D13B212A896089002A9865 /* SavedPGViewController.swift */,
			);
			path = "Saved and Search History";
			sourceTree = "<group>";
		};
		18AB97222BDFD1810026EB88 /* PGFinderWelcomeScreen */ = {
			isa = PBXGroup;
			children = (
				18EF9BAB2A755451008DD8CC /* PGFinderViewController.swift */,
			);
			path = PGFinderWelcomeScreen;
			sourceTree = "<group>";
		};
		18AB97232BDFD1930026EB88 /* PGOwnerLoginScreen */ = {
			isa = PBXGroup;
			children = (
				18069A602A80FC74006154F8 /* PGOwnerViewController.swift */,
			);
			path = PGOwnerLoginScreen;
			sourceTree = "<group>";
		};
		18AB97242BDFD1BB0026EB88 /* MyAccount */ = {
			isa = PBXGroup;
			children = (
				18D13B252A8A2D07002A9865 /* MyAccountViewController.swift */,
			);
			path = MyAccount;
			sourceTree = "<group>";
		};
		18AB97252BDFD1CF0026EB88 /* LoginForSaveSearchVC */ = {
			isa = PBXGroup;
			children = (
				18D13B232A8A0C60002A9865 /* loginForSaveSearchVC.swift */,
			);
			path = LoginForSaveSearchVC;
			sourceTree = "<group>";
		};
		18AB97262BDFD2010026EB88 /* App and Scene Delegate */ = {
			isa = PBXGroup;
			children = (
				18EF9BA72A755451008DD8CC /* AppDelegate.swift */,
				18EF9BA92A755451008DD8CC /* SceneDelegate.swift */,
			);
			path = "App and Scene Delegate";
			sourceTree = "<group>";
		};
		18AB97292BE02A6C0026EB88 /* Search */ = {
			isa = PBXGroup;
			children = (
				18069A562A80D196006154F8 /* PGFinderSearches.swift */,
				18AB97272BE02A260026EB88 /* HomeScreenSearchViewController.swift */,
				18AB97302BE02BB70026EB88 /* ExtensionSearchTable&CollectionCell.swift */,
			);
			path = Search;
			sourceTree = "<group>";
		};
		18AB972A2BE02AAC0026EB88 /* Extensions */ = {
			isa = PBXGroup;
			children = (
				18AB972B2BE02AD40026EB88 /* HomeScreenCollectionViewExtension.swift */,
				18AB972D2BE02B0E0026EB88 /* HomeScreenTableViewExtension.swift */,
			);
			path = Extensions;
			sourceTree = "<group>";
		};
		18AB972F2BE02B4F0026EB88 /* PGFinerHomeViewController */ = {
			isa = PBXGroup;
			children = (
				18EF9BBE2A76F719008DD8CC /* PGFinderHomeViewController.swift */,
			);
			path = PGFinerHomeViewController;
			sourceTree = "<group>";
		};
		18B5AEEB2ABEFAB3001B6D28 /* Location */ = {
			isa = PBXGroup;
			children = (
				18069A5C2A80ECDD006154F8 /* SelectPlaceViewController.swift */,
				18069A582A80EC71006154F8 /* SelectLocationViewController.swift */,
				18B5AEEC2ABEFAF0001B6D28 /* LocationManager.swift */,
				182FD75B2BDA27190077023F /* SelectLocationViewController.storyboard */,
			);
			path = Location;
			sourceTree = "<group>";
		};
		18C1A4B72BDB921B00C64720 /* Home Screen Table and COllection view cell */ = {
			isa = PBXGroup;
			children = (
				18C1A4B82BDB92A400C64720 /* CustomCellsTableViewCell.swift */,
				18C1A4BA2BDB92EE00C64720 /* CustomHomeScreenCollectionViewCell.swift */,
			);
			path = "Home Screen Table and COllection view cell";
			sourceTree = "<group>";
		};
		18DAAA682BDFBD7A00B55622 /* HomeScreen */ = {
			isa = PBXGroup;
			children = (
				18AB972F2BE02B4F0026EB88 /* PGFinerHomeViewController */,
				18AB972A2BE02AAC0026EB88 /* Extensions */,
				18AB97292BE02A6C0026EB88 /* Search */,
				183BA9A42BDA336D0084B0F2 /* ListedDateInfoCell */,
				18C1A4B72BDB921B00C64720 /* Home Screen Table and COllection view cell */,
			);
			path = HomeScreen;
			sourceTree = "<group>";
		};
		18EF9B9B2A755451008DD8CC = {
			isa = PBXGroup;
			children = (
				18EF9BA62A755451008DD8CC /* PGFinder */,
				18EF9BA52A755451008DD8CC /* Products */,
				4E76779C5FAC235F45CE0F24 /* Pods */,
				3B862457DB79BE26DA5323BA /* Frameworks */,
			);
			sourceTree = "<group>";
		};
		18EF9BA52A755451008DD8CC /* Products */ = {
			isa = PBXGroup;
			children = (
				18EF9BA42A755451008DD8CC /* PGFinder.app */,
			);
			name = Products;
			sourceTree = "<group>";
		};
		18EF9BA62A755451008DD8CC /* PGFinder */ = {
			isa = PBXGroup;
			children = (
				18AB97262BDFD2010026EB88 /* App and Scene Delegate */,
				18EF9BBB2A75546F008DD8CC /* Model */,
				18EF9BBC2A755479008DD8CC /* View */,
				18EF9BBD2A75547F008DD8CC /* Controller */,
				18EF9BB02A755453008DD8CC /* Assets.xcassets */,
				18B5AEF42AC018C6001B6D28 /* paymentOptions.gif */,
				18EF9BB22A755453008DD8CC /* LaunchScreen.storyboard */,
				18EF9BB52A755453008DD8CC /* Info.plist */,
			);
			path = PGFinder;
			sourceTree = "<group>";
		};
		18EF9BBB2A75546F008DD8CC /* Model */ = {
			isa = PBXGroup;
			children = (
				1892EFDE2A8A6F5A0005102D /* PGDetails.swift */,
			);
			path = Model;
			sourceTree = "<group>";
		};
		18EF9BBC2A755479008DD8CC /* View */ = {
			isa = PBXGroup;
			children = (
				18EF9BAD2A755451008DD8CC /* Main.storyboard */,
			);
			path = View;
			sourceTree = "<group>";
		};
		18EF9BBD2A75547F008DD8CC /* Controller */ = {
			isa = PBXGroup;
			children = (
				18AB97252BDFD1CF0026EB88 /* LoginForSaveSearchVC */,
				18AB97242BDFD1BB0026EB88 /* MyAccount */,
				18AB97232BDFD1930026EB88 /* PGOwnerLoginScreen */,
				18AB97222BDFD1810026EB88 /* PGFinderWelcomeScreen */,
				18AB97212BDFD13E0026EB88 /* Saved and Search History */,
				18AB97192BDFCF8E0026EB88 /* Info View Controller */,
				18DAAA682BDFBD7A00B55622 /* HomeScreen */,
				183BA9A32BDA334E0084B0F2 /* SelectPrice */,
				18B5AEEB2ABEFAB3001B6D28 /* Location */,
				18AB97202BDFD10A0026EB88 /* Payment */,
			);
			path = Controller;
			sourceTree = "<group>";
		};
		3B862457DB79BE26DA5323BA /* Frameworks */ = {
			isa = PBXGroup;
			children = (
				159DD475DDBE8762A77644FB /* Pods_PGFinder.framework */,
			);
			name = Frameworks;
			sourceTree = "<group>";
		};
		4E76779C5FAC235F45CE0F24 /* Pods */ = {
			isa = PBXGroup;
			children = (
				24217E54DC265A05C8CD26FA /* Pods-PGFinder.debug.xcconfig */,
				EC7B758AB7FD3695B3467049 /* Pods-PGFinder.release.xcconfig */,
			);
			path = Pods;
			sourceTree = "<group>";
		};
/* End PBXGroup section */

/* Begin PBXNativeTarget section */
		18EF9BA32A755451008DD8CC /* PGFinder */ = {
			isa = PBXNativeTarget;
			buildConfigurationList = 18EF9BB82A755453008DD8CC /* Build configuration list for PBXNativeTarget "PGFinder" */;
			buildPhases = (
				F83D531E1C2172DF3DD5B005 /* [CP] Check Pods Manifest.lock */,
				18EF9BA02A755451008DD8CC /* Sources */,
				18EF9BA12A755451008DD8CC /* Frameworks */,
				18EF9BA22A755451008DD8CC /* Resources */,
			);
			buildRules = (
			);
			dependencies = (
			);
			name = PGFinder;
			productName = PGFinder;
			productReference = 18EF9BA42A755451008DD8CC /* PGFinder.app */;
			productType = "com.apple.product-type.application";
		};
/* End PBXNativeTarget section */

/* Begin PBXProject section */
		18EF9B9C2A755451008DD8CC /* Project object */ = {
			isa = PBXProject;
			attributes = {
				BuildIndependentTargetsInParallel = 1;
				LastSwiftUpdateCheck = 1430;
				LastUpgradeCheck = 1430;
				TargetAttributes = {
					18EF9BA32A755451008DD8CC = {
						CreatedOnToolsVersion = 14.3.1;
					};
				};
			};
			buildConfigurationList = 18EF9B9F2A755451008DD8CC /* Build configuration list for PBXProject "PGFinder" */;
			compatibilityVersion = "Xcode 14.0";
			developmentRegion = en;
			hasScannedForEncodings = 0;
			knownRegions = (
				en,
				Base,
			);
			mainGroup = 18EF9B9B2A755451008DD8CC;
			productRefGroup = 18EF9BA52A755451008DD8CC /* Products */;
			projectDirPath = "";
			projectRoot = "";
			targets = (
				18EF9BA32A755451008DD8CC /* PGFinder */,
			);
		};
/* End PBXProject section */

/* Begin PBXResourcesBuildPhase section */
		18EF9BA22A755451008DD8CC /* Resources */ = {
			isa = PBXResourcesBuildPhase;
			buildActionMask = 2147483647;
			files = (
				182FD75E2BDA2BB40077023F /* SelectPriceViewController.storyboard in Resources */,
				18EF9BB42A755453008DD8CC /* LaunchScreen.storyboard in Resources */,
				18D13B1E2A88EFCE002A9865 /* PGListViewCell.xib in Resources */,
				182FD75C2BDA27190077023F /* SelectLocationViewController.storyboard in Resources */,
				18EF9BB12A755453008DD8CC /* Assets.xcassets in Resources */,
				18EF9BAF2A755451008DD8CC /* Main.storyboard in Resources */,
				18B5AEF52AC018C6001B6D28 /* paymentOptions.gif in Resources */,
			);
			runOnlyForDeploymentPostprocessing = 0;
		};
/* End PBXResourcesBuildPhase section */

/* Begin PBXShellScriptBuildPhase section */
		F83D531E1C2172DF3DD5B005 /* [CP] Check Pods Manifest.lock */ = {
			isa = PBXShellScriptBuildPhase;
			buildActionMask = 2147483647;
			files = (
			);
			inputFileListPaths = (
			);
			inputPaths = (
				"${PODS_PODFILE_DIR_PATH}/Podfile.lock",
				"${PODS_ROOT}/Manifest.lock",
			);
			name = "[CP] Check Pods Manifest.lock";
			outputFileListPaths = (
			);
			outputPaths = (
				"$(DERIVED_FILE_DIR)/Pods-PGFinder-checkManifestLockResult.txt",
			);
			runOnlyForDeploymentPostprocessing = 0;
			shellPath = /bin/sh;
			shellScript = "diff \"${PODS_PODFILE_DIR_PATH}/Podfile.lock\" \"${PODS_ROOT}/Manifest.lock\" > /dev/null\nif [ $? != 0 ] ; then\n    # print error to STDERR\n    echo \"error: The sandbox is not in sync with the Podfile.lock. Run 'pod install' or update your CocoaPods installation.\" >&2\n    exit 1\nfi\n# This output is used by Xcode 'outputs' to avoid re-running this script phase.\necho \"SUCCESS\" > \"${SCRIPT_OUTPUT_FILE_0}\"\n";
			showEnvVarsInLog = 0;
		};
/* End PBXShellScriptBuildPhase section */

/* Begin PBXSourcesBuildPhase section */
		18EF9BA02A755451008DD8CC /* Sources */ = {
			isa = PBXSourcesBuildPhase;
			buildActionMask = 2147483647;
			files = (
				18F71A742AA4A78000ED154A /* PGInfoViewController.swift in Sources */,
				18B5AEED2ABEFAF0001B6D28 /* LocationManager.swift in Sources */,
				18AB972C2BE02AD40026EB88 /* HomeScreenCollectionViewExtension.swift in Sources */,
				18AB97282BE02A260026EB88 /* HomeScreenSearchViewController.swift in Sources */,
				18AB971D2BDFD0140026EB88 /* PGInfoTableViewCOntroller.swift in Sources */,
				18069A572A80D196006154F8 /* PGFinderSearches.swift in Sources */,
				18B5AEEF2AC00FC5001B6D28 /* GIFLoader.swift in Sources */,
				18AB971F2BDFD0310026EB88 /* PGInfoCollectionViewController.swift in Sources */,
				18D13B202A895CC3002A9865 /* SearchHistoryViewController.swift in Sources */,
				18D13B262A8A2D07002A9865 /* MyAccountViewController.swift in Sources */,
				18B5AEF32AC016C1001B6D28 /* PaymentTransferViewController.swift in Sources */,
				18069A5B2A80EC8F006154F8 /* SelectPriceViewController.swift in Sources */,
				18D13B1D2A88EFCE002A9865 /* PGListViewCell.swift in Sources */,
				18EF9BBF2A76F719008DD8CC /* PGFinderHomeViewController.swift in Sources */,
				18C1A4B92BDB92A400C64720 /* CustomCellsTableViewCell.swift in Sources */,
				18D13B222A896089002A9865 /* SavedPGViewController.swift in Sources */,
				1892EFDF2A8A6F5A0005102D /* PGDetails.swift in Sources */,
				18AB971B2BDFCFBC0026EB88 /* InfoViewControllerCustomCells.swift in Sources */,
				18AB972E2BE02B0E0026EB88 /* HomeScreenTableViewExtension.swift in Sources */,
				18069A612A80FC74006154F8 /* PGOwnerViewController.swift in Sources */,
				18C1A4BB2BDB92EE00C64720 /* CustomHomeScreenCollectionViewCell.swift in Sources */,
				18EF9BAC2A755451008DD8CC /* PGFinderViewController.swift in Sources */,
				18EF9BA82A755451008DD8CC /* AppDelegate.swift in Sources */,
				18069A5D2A80ECDD006154F8 /* SelectPlaceViewController.swift in Sources */,
				18D13B242A8A0C60002A9865 /* loginForSaveSearchVC.swift in Sources */,
				18AB97312BE02BB70026EB88 /* ExtensionSearchTable&CollectionCell.swift in Sources */,
				18EF9BAA2A755451008DD8CC /* SceneDelegate.swift in Sources */,
				18069A592A80EC71006154F8 /* SelectLocationViewController.swift in Sources */,
			);
			runOnlyForDeploymentPostprocessing = 0;
		};
/* End PBXSourcesBuildPhase section */

/* Begin PBXVariantGroup section */
		18EF9BAD2A755451008DD8CC /* Main.storyboard */ = {
			isa = PBXVariantGroup;
			children = (
				18EF9BAE2A755451008DD8CC /* Base */,
			);
			name = Main.storyboard;
			sourceTree = "<group>";
		};
		18EF9BB22A755453008DD8CC /* LaunchScreen.storyboard */ = {
			isa = PBXVariantGroup;
			children = (
				18EF9BB32A755453008DD8CC /* Base */,
			);
			name = LaunchScreen.storyboard;
			sourceTree = "<group>";
		};
/* End PBXVariantGroup section */

/* Begin XCBuildConfiguration section */
		18EF9BB62A755453008DD8CC /* Debug */ = {
			isa = XCBuildConfiguration;
			buildSettings = {
				ALWAYS_SEARCH_USER_PATHS = NO;
				CLANG_ANALYZER_NONNULL = YES;
				CLANG_ANALYZER_NUMBER_OBJECT_CONVERSION = YES_AGGRESSIVE;
				CLANG_CXX_LANGUAGE_STANDARD = "gnu++20";
				CLANG_ENABLE_MODULES = YES;
				CLANG_ENABLE_OBJC_ARC = YES;
				CLANG_ENABLE_OBJC_WEAK = YES;
				CLANG_WARN_BLOCK_CAPTURE_AUTORELEASING = YES;
				CLANG_WARN_BOOL_CONVERSION = YES;
				CLANG_WARN_COMMA = YES;
				CLANG_WARN_CONSTANT_CONVERSION = YES;
				CLANG_WARN_DEPRECATED_OBJC_IMPLEMENTATIONS = YES;
				CLANG_WARN_DIRECT_OBJC_ISA_USAGE = YES_ERROR;
				CLANG_WARN_DOCUMENTATION_COMMENTS = YES;
				CLANG_WARN_EMPTY_BODY = YES;
				CLANG_WARN_ENUM_CONVERSION = YES;
				CLANG_WARN_INFINITE_RECURSION = YES;
				CLANG_WARN_INT_CONVERSION = YES;
				CLANG_WARN_NON_LITERAL_NULL_CONVERSION = YES;
				CLANG_WARN_OBJC_IMPLICIT_RETAIN_SELF = YES;
				CLANG_WARN_OBJC_LITERAL_CONVERSION = YES;
				CLANG_WARN_OBJC_ROOT_CLASS = YES_ERROR;
				CLANG_WARN_QUOTED_INCLUDE_IN_FRAMEWORK_HEADER = YES;
				CLANG_WARN_RANGE_LOOP_ANALYSIS = YES;
				CLANG_WARN_STRICT_PROTOTYPES = YES;
				CLANG_WARN_SUSPICIOUS_MOVE = YES;
				CLANG_WARN_UNGUARDED_AVAILABILITY = YES_AGGRESSIVE;
				CLANG_WARN_UNREACHABLE_CODE = YES;
				CLANG_WARN__DUPLICATE_METHOD_MATCH = YES;
				COPY_PHASE_STRIP = NO;
				DEBUG_INFORMATION_FORMAT = dwarf;
				ENABLE_STRICT_OBJC_MSGSEND = YES;
				ENABLE_TESTABILITY = YES;
				GCC_C_LANGUAGE_STANDARD = gnu11;
				GCC_DYNAMIC_NO_PIC = NO;
				GCC_NO_COMMON_BLOCKS = YES;
				GCC_OPTIMIZATION_LEVEL = 0;
				GCC_PREPROCESSOR_DEFINITIONS = (
					"DEBUG=1",
					"$(inherited)",
				);
				GCC_WARN_64_TO_32_BIT_CONVERSION = YES;
				GCC_WARN_ABOUT_RETURN_TYPE = YES_ERROR;
				GCC_WARN_UNDECLARED_SELECTOR = YES;
				GCC_WARN_UNINITIALIZED_AUTOS = YES_AGGRESSIVE;
				GCC_WARN_UNUSED_FUNCTION = YES;
				GCC_WARN_UNUSED_VARIABLE = YES;
				IPHONEOS_DEPLOYMENT_TARGET = 14.4;
				MTL_ENABLE_DEBUG_INFO = INCLUDE_SOURCE;
				MTL_FAST_MATH = YES;
				ONLY_ACTIVE_ARCH = YES;
				SDKROOT = iphoneos;
				SWIFT_ACTIVE_COMPILATION_CONDITIONS = DEBUG;
				SWIFT_OPTIMIZATION_LEVEL = "-Onone";
			};
			name = Debug;
		};
		18EF9BB72A755453008DD8CC /* Release */ = {
			isa = XCBuildConfiguration;
			buildSettings = {
				ALWAYS_SEARCH_USER_PATHS = NO;
				CLANG_ANALYZER_NONNULL = YES;
				CLANG_ANALYZER_NUMBER_OBJECT_CONVERSION = YES_AGGRESSIVE;
				CLANG_CXX_LANGUAGE_STANDARD = "gnu++20";
				CLANG_ENABLE_MODULES = YES;
				CLANG_ENABLE_OBJC_ARC = YES;
				CLANG_ENABLE_OBJC_WEAK = YES;
				CLANG_WARN_BLOCK_CAPTURE_AUTORELEASING = YES;
				CLANG_WARN_BOOL_CONVERSION = YES;
				CLANG_WARN_COMMA = YES;
				CLANG_WARN_CONSTANT_CONVERSION = YES;
				CLANG_WARN_DEPRECATED_OBJC_IMPLEMENTATIONS = YES;
				CLANG_WARN_DIRECT_OBJC_ISA_USAGE = YES_ERROR;
				CLANG_WARN_DOCUMENTATION_COMMENTS = YES;
				CLANG_WARN_EMPTY_BODY = YES;
				CLANG_WARN_ENUM_CONVERSION = YES;
				CLANG_WARN_INFINITE_RECURSION = YES;
				CLANG_WARN_INT_CONVERSION = YES;
				CLANG_WARN_NON_LITERAL_NULL_CONVERSION = YES;
				CLANG_WARN_OBJC_IMPLICIT_RETAIN_SELF = YES;
				CLANG_WARN_OBJC_LITERAL_CONVERSION = YES;
				CLANG_WARN_OBJC_ROOT_CLASS = YES_ERROR;
				CLANG_WARN_QUOTED_INCLUDE_IN_FRAMEWORK_HEADER = YES;
				CLANG_WARN_RANGE_LOOP_ANALYSIS = YES;
				CLANG_WARN_STRICT_PROTOTYPES = YES;
				CLANG_WARN_SUSPICIOUS_MOVE = YES;
				CLANG_WARN_UNGUARDED_AVAILABILITY = YES_AGGRESSIVE;
				CLANG_WARN_UNREACHABLE_CODE = YES;
				CLANG_WARN__DUPLICATE_METHOD_MATCH = YES;
				COPY_PHASE_STRIP = NO;
				DEBUG_INFORMATION_FORMAT = "dwarf-with-dsym";
				ENABLE_NS_ASSERTIONS = NO;
				ENABLE_STRICT_OBJC_MSGSEND = YES;
				GCC_C_LANGUAGE_STANDARD = gnu11;
				GCC_NO_COMMON_BLOCKS = YES;
				GCC_WARN_64_TO_32_BIT_CONVERSION = YES;
				GCC_WARN_ABOUT_RETURN_TYPE = YES_ERROR;
				GCC_WARN_UNDECLARED_SELECTOR = YES;
				GCC_WARN_UNINITIALIZED_AUTOS = YES_AGGRESSIVE;
				GCC_WARN_UNUSED_FUNCTION = YES;
				GCC_WARN_UNUSED_VARIABLE = YES;
				IPHONEOS_DEPLOYMENT_TARGET = 14.4;
				MTL_ENABLE_DEBUG_INFO = NO;
				MTL_FAST_MATH = YES;
				SDKROOT = iphoneos;
				SWIFT_COMPILATION_MODE = wholemodule;
				SWIFT_OPTIMIZATION_LEVEL = "-O";
				VALIDATE_PRODUCT = YES;
			};
			name = Release;
		};
		18EF9BB92A755453008DD8CC /* Debug */ = {
			isa = XCBuildConfiguration;
			baseConfigurationReference = 24217E54DC265A05C8CD26FA /* Pods-PGFinder.debug.xcconfig */;
			buildSettings = {
				ASSETCATALOG_COMPILER_APPICON_NAME = AppIcon;
				ASSETCATALOG_COMPILER_GLOBAL_ACCENT_COLOR_NAME = AccentColor;
				CODE_SIGN_STYLE = Automatic;
				CURRENT_PROJECT_VERSION = 1;
				DEVELOPMENT_TEAM = JC89GD8MJL;
				GENERATE_INFOPLIST_FILE = YES;
				INFOPLIST_FILE = PGFinder/Info.plist;
				INFOPLIST_KEY_UIApplicationSupportsIndirectInputEvents = YES;
				INFOPLIST_KEY_UILaunchStoryboardName = LaunchScreen;
				INFOPLIST_KEY_UIMainStoryboardFile = Main;
				INFOPLIST_KEY_UISupportedInterfaceOrientations_iPad = "UIInterfaceOrientationPortrait UIInterfaceOrientationPortraitUpsideDown UIInterfaceOrientationLandscapeLeft UIInterfaceOrientationLandscapeRight";
				INFOPLIST_KEY_UISupportedInterfaceOrientations_iPhone = "UIInterfaceOrientationPortrait UIInterfaceOrientationLandscapeLeft UIInterfaceOrientationLandscapeRight";
				LD_RUNPATH_SEARCH_PATHS = (
					"$(inherited)",
					"@executable_path/Frameworks",
				);
				MARKETING_VERSION = 1.0;
				PRODUCT_BUNDLE_IDENTIFIER = com.aditya.PGFinder;
				PRODUCT_NAME = "$(TARGET_NAME)";
				SWIFT_EMIT_LOC_STRINGS = YES;
				SWIFT_VERSION = 5.0;
				TARGETED_DEVICE_FAMILY = "1,2";
			};
			name = Debug;
		};
		18EF9BBA2A755453008DD8CC /* Release */ = {
			isa = XCBuildConfiguration;
			baseConfigurationReference = EC7B758AB7FD3695B3467049 /* Pods-PGFinder.release.xcconfig */;
			buildSettings = {
				ASSETCATALOG_COMPILER_APPICON_NAME = AppIcon;
				ASSETCATALOG_COMPILER_GLOBAL_ACCENT_COLOR_NAME = AccentColor;
				CODE_SIGN_STYLE = Automatic;
				CURRENT_PROJECT_VERSION = 1;
				DEVELOPMENT_TEAM = JC89GD8MJL;
				GENERATE_INFOPLIST_FILE = YES;
				INFOPLIST_FILE = PGFinder/Info.plist;
				INFOPLIST_KEY_UIApplicationSupportsIndirectInputEvents = YES;
				INFOPLIST_KEY_UILaunchStoryboardName = LaunchScreen;
				INFOPLIST_KEY_UIMainStoryboardFile = Main;
				INFOPLIST_KEY_UISupportedInterfaceOrientations_iPad = "UIInterfaceOrientationPortrait UIInterfaceOrientationPortraitUpsideDown UIInterfaceOrientationLandscapeLeft UIInterfaceOrientationLandscapeRight";
				INFOPLIST_KEY_UISupportedInterfaceOrientations_iPhone = "UIInterfaceOrientationPortrait UIInterfaceOrientationLandscapeLeft UIInterfaceOrientationLandscapeRight";
				LD_RUNPATH_SEARCH_PATHS = (
					"$(inherited)",
					"@executable_path/Frameworks",
				);
				MARKETING_VERSION = 1.0;
				PRODUCT_BUNDLE_IDENTIFIER = com.aditya.PGFinder;
				PRODUCT_NAME = "$(TARGET_NAME)";
				SWIFT_EMIT_LOC_STRINGS = YES;
				SWIFT_VERSION = 5.0;
				TARGETED_DEVICE_FAMILY = "1,2";
			};
			name = Release;
		};
/* End XCBuildConfiguration section */

/* Begin XCConfigurationList section */
		18EF9B9F2A755451008DD8CC /* Build configuration list for PBXProject "PGFinder" */ = {
			isa = XCConfigurationList;
			buildConfigurations = (
				18EF9BB62A755453008DD8CC /* Debug */,
				18EF9BB72A755453008DD8CC /* Release */,
			);
			defaultConfigurationIsVisible = 0;
			defaultConfigurationName = Release;
		};
		18EF9BB82A755453008DD8CC /* Build configuration list for PBXNativeTarget "PGFinder" */ = {
			isa = XCConfigurationList;
			buildConfigurations = (
				18EF9BB92A755453008DD8CC /* Debug */,
				18EF9BBA2A755453008DD8CC /* Release */,
			);
			defaultConfigurationIsVisible = 0;
			defaultConfigurationName = Release;
		};
/* End XCConfigurationList section */
	};
	rootObject = 18EF9B9C2A755451008DD8CC /* Project object */;
}
